
Microsoft Visual Studio Solution File, Format Version 12.00
# Visual Studio 15
VisualStudioVersion = 15.0.26430.6
MinimumVisualStudioVersion = 10.0.40219.1
Project("{FAE04EC0-301F-11D3-BF4B-00C04F79EFBC}") = "WeatherStationLibrary", "..\WeatherStationLibrary\WeatherStationLibrary.csproj", "{6545C42C-2601-4E51-BBFF-F431982E6529}"
EndProject
Project("{FAE04EC0-301F-11D3-BF4B-00C04F79EFBC}") = "Example01", "Example01\Example01.csproj", "{118A2636-B102-4B98-BA29-AC6D1BA3E8F3}"
EndProject
Project("{FAE04EC0-301F-11D3-BF4B-00C04F79EFBC}") = "Exercise01", "Exercise01\Exercise01.csproj", "{25237F35-5495-4DFD-9309-86039C62E12B}"
EndProject
Project("{FAE04EC0-301F-11D3-BF4B-00C04F79EFBC}") = "EmpolyeeLibrary", "Empolyee\EmpolyeeLibrary.csproj", "{8BD3F249-7A80-4527-8BAC-B79AACA2214E}"
EndProject
Project("{FAE04EC0-301F-11D3-BF4B-00C04F79EFBC}") = "EasyMathLibrary", "..\EasyMathLibrary\EasyMathLibrary\EasyMathLibrary.csproj", "{0B440026-7568-4812-B67D-7489BEEE5EEB}"
EndProject
Project("{FAE04EC0-301F-11D3-BF4B-00C04F79EFBC}") = "Example02", "Example02\Example02.csproj", "{C86EA2F6-A14A-4DBB-B3F2-E6F8A237DB2D}"
EndProject
Global
	GlobalSection(SolutionConfigurationPlatforms) = preSolution
		Debug|Any CPU = Debug|Any CPU
		Release|Any CPU = Release|Any CPU
	EndGlobalSection
	GlobalSection(ProjectConfigurationPlatforms) = postSolution
		{6545C42C-2601-4E51-BBFF-F431982E6529}.Debug|Any CPU.ActiveCfg = Debug|Any CPU
		{6545C42C-2601-4E51-BBFF-F431982E6529}.Debug|Any CPU.Build.0 = Debug|Any CPU
		{6545C42C-2601-4E51-BBFF-F431982E6529}.Release|Any CPU.ActiveCfg = Release|Any CPU
		{6545C42C-2601-4E51-BBFF-F431982E6529}.Release|Any CPU.Build.0 = Release|Any CPU
		{118A2636-B102-4B98-BA29-AC6D1BA3E8F3}.Debug|Any CPU.ActiveCfg = Debug|Any CPU
		{118A2636-B102-4B98-BA29-AC6D1BA3E8F3}.Debug|Any CPU.Build.0 = Debug|Any CPU
		{118A2636-B102-4B98-BA29-AC6D1BA3E8F3}.Release|Any CPU.ActiveCfg = Release|Any CPU
		{118A2636-B102-4B98-BA29-AC6D1BA3E8F3}.Release|Any CPU.Build.0 = Release|Any CPU
		{25237F35-5495-4DFD-9309-86039C62E12B}.Debug|Any CPU.ActiveCfg = Debug|Any CPU
		{25237F35-5495-4DFD-9309-86039C62E12B}.Debug|Any CPU.Build.0 = Debug|Any CPU
		{25237F35-5495-4DFD-9309-86039C62E12B}.Release|Any CPU.ActiveCfg = Release|Any CPU
		{25237F35-5495-4DFD-9309-86039C62E12B}.Release|Any CPU.Build.0 = Release|Any CPU
		{8BD3F249-7A80-4527-8BAC-B79AACA2214E}.Debug|Any CPU.ActiveCfg = Debug|Any CPU
		{8BD3F249-7A80-4527-8BAC-B79AACA2214E}.Debug|Any CPU.Build.0 = Debug|Any CPU
		{8BD3F249-7A80-4527-8BAC-B79AACA2214E}.Release|Any CPU.ActiveCfg = Release|Any CPU
		{8BD3F249-7A80-4527-8BAC-B79AACA2214E}.Release|Any CPU.Build.0 = Release|Any CPU
		{0B440026-7568-4812-B67D-7489BEEE5EEB}.Debug|Any CPU.ActiveCfg = Debug|Any CPU
		{0B440026-7568-4812-B67D-7489BEEE5EEB}.Debug|Any CPU.Build.0 = Debug|Any CPU
		{0B440026-7568-4812-B67D-7489BEEE5EEB}.Release|Any CPU.ActiveCfg = Release|Any CPU
		{0B440026-7568-4812-B67D-7489BEEE5EEB}.Release|Any CPU.Build.0 = Release|Any CPU
		{C86EA2F6-A14A-4DBB-B3F2-E6F8A237DB2D}.Debug|Any CPU.ActiveCfg = Debug|Any CPU
		{C86EA2F6-A14A-4DBB-B3F2-E6F8A237DB2D}.Debug|Any CPU.Build.0 = Debug|Any CPU
		{C86EA2F6-A14A-4DBB-B3F2-E6F8A237DB2D}.Release|Any CPU.ActiveCfg = Release|Any CPU
		{C86EA2F6-A14A-4DBB-B3F2-E6F8A237DB2D}.Release|Any CPU.Build.0 = Release|Any CPU
	EndGlobalSection
	GlobalSection(SolutionProperties) = preSolution
		HideSolutionNode = FALSE
	EndGlobalSection
EndGlobal
